
Microsoft Visual Studio Solution File, Format Version 12.00
# Visual Studio Version 16
VisualStudioVersion = 16.0.31105.61
MinimumVisualStudioVersion = 10.0.40219.1
Project("{FAE04EC0-301F-11D3-BF4B-00C04F79EFBC}") = "CombinePDF", "CombinePDF\CombinePDF.csproj", "{5CF818F2-0803-40F0-B4BD-3CB67364FD6F}"
EndProject
Global
	GlobalSection(SolutionConfigurationPlatforms) = preSolution
		Debug|x64 = Debug|x64
		Release|x64 = Release|x64
	EndGlobalSection
	GlobalSection(ProjectConfigurationPlatforms) = postSolution
		{5CF818F2-0803-40F0-B4BD-3CB67364FD6F}.Debug|x64.ActiveCfg = Debug|x64
		{5CF818F2-0803-40F0-B4BD-3CB67364FD6F}.Debug|x64.Build.0 = Debug|x64
		{5CF818F2-0803-40F0-B4BD-3CB67364FD6F}.Release|x64.ActiveCfg = Release|x64
		{5CF818F2-0803-40F0-B4BD-3CB67364FD6F}.Release|x64.Build.0 = Release|x64
	EndGlobalSection
	GlobalSection(SolutionProperties) = preSolution
		HideSolutionNode = FALSE
	EndGlobalSection
	GlobalSection(ExtensibilityGlobals) = postSolution
		SolutionGuid = {C6411BE1-1812-4F5B-8847-38B85225AF92}
	EndGlobalSection
EndGlobal
