
Microsoft Visual Studio Solution File, Format Version 12.00
# Visual Studio Version 17
VisualStudioVersion = 17.5.33516.290
MinimumVisualStudioVersion = 10.0.40219.1
Project("{FAE04EC0-301F-11D3-BF4B-00C04F79EFBC}") = "CombinePDF", "CombinePDF\CombinePDF.csproj", "{0C2C5982-A8F2-46CA-9908-A48E41711E25}"
EndProject
Global
	GlobalSection(SolutionConfigurationPlatforms) = preSolution
		Debug|Any CPU = Debug|Any CPU
		Release|Any CPU = Release|Any CPU
	EndGlobalSection
	GlobalSection(ProjectConfigurationPlatforms) = postSolution
		{0C2C5982-A8F2-46CA-9908-A48E41711E25}.Debug|Any CPU.ActiveCfg = Debug|Any CPU
		{0C2C5982-A8F2-46CA-9908-A48E41711E25}.Debug|Any CPU.Build.0 = Debug|Any CPU
		{0C2C5982-A8F2-46CA-9908-A48E41711E25}.Release|Any CPU.ActiveCfg = Release|Any CPU
		{0C2C5982-A8F2-46CA-9908-A48E41711E25}.Release|Any CPU.Build.0 = Release|Any CPU
	EndGlobalSection
	GlobalSection(SolutionProperties) = preSolution
		HideSolutionNode = FALSE
	EndGlobalSection
	GlobalSection(ExtensibilityGlobals) = postSolution
		SolutionGuid = {0CBF637C-7B11-4751-AF58-3FF47CEF7533}
	EndGlobalSection
EndGlobal
